
Microsoft Visual Studio Solution File, Format Version 12.00
Project("{FAE04EC0-301F-11D3-BF4B-00C04F79EFBC}") = "InnowiseFridge_project", "InnowiseFridge_project\InnowiseFridge_project.csproj", "{FA72A7C1-737E-4003-841B-B3511F02AA28}"
EndProject
Project("{FAE04EC0-301F-11D3-BF4B-00C04F79EFBC}") = "InnowiseFridgeTests", "InnowiseFridgeTests\InnowiseFridgeTests.csproj", "{AFF906EF-CE2F-4ECF-9964-4CED91E8AE7B}"
EndProject
Project("{FAE04EC0-301F-11D3-BF4B-00C04F79EFBC}") = "InnowiseFridgeClient", "InnowiseFridgeClient\InnowiseFridgeClient.csproj", "{BD44246E-D16C-4647-A45A-6D0B9E334B3B}"
EndProject
Global
	GlobalSection(SolutionConfigurationPlatforms) = preSolution
		Debug|Any CPU = Debug|Any CPU
		Release|Any CPU = Release|Any CPU
	EndGlobalSection
	GlobalSection(ProjectConfigurationPlatforms) = postSolution
		{FA72A7C1-737E-4003-841B-B3511F02AA28}.Debug|Any CPU.ActiveCfg = Debug|Any CPU
		{FA72A7C1-737E-4003-841B-B3511F02AA28}.Debug|Any CPU.Build.0 = Debug|Any CPU
		{FA72A7C1-737E-4003-841B-B3511F02AA28}.Release|Any CPU.ActiveCfg = Release|Any CPU
		{FA72A7C1-737E-4003-841B-B3511F02AA28}.Release|Any CPU.Build.0 = Release|Any CPU
		{AFF906EF-CE2F-4ECF-9964-4CED91E8AE7B}.Debug|Any CPU.ActiveCfg = Debug|Any CPU
		{AFF906EF-CE2F-4ECF-9964-4CED91E8AE7B}.Debug|Any CPU.Build.0 = Debug|Any CPU
		{AFF906EF-CE2F-4ECF-9964-4CED91E8AE7B}.Release|Any CPU.ActiveCfg = Release|Any CPU
		{AFF906EF-CE2F-4ECF-9964-4CED91E8AE7B}.Release|Any CPU.Build.0 = Release|Any CPU
		{BD44246E-D16C-4647-A45A-6D0B9E334B3B}.Debug|Any CPU.ActiveCfg = Debug|Any CPU
		{BD44246E-D16C-4647-A45A-6D0B9E334B3B}.Debug|Any CPU.Build.0 = Debug|Any CPU
		{BD44246E-D16C-4647-A45A-6D0B9E334B3B}.Release|Any CPU.ActiveCfg = Release|Any CPU
		{BD44246E-D16C-4647-A45A-6D0B9E334B3B}.Release|Any CPU.Build.0 = Release|Any CPU
	EndGlobalSection
EndGlobal
